
Microsoft Visual Studio Solution File, Format Version 12.00
# Visual Studio 15
VisualStudioVersion = 15.0.27703.2026
MinimumVisualStudioVersion = 10.0.40219.1
Project("{FAE04EC0-301F-11D3-BF4B-00C04F79EFBC}") = "Code_First", "Code_First\Code_First.csproj", "{21BCF0B1-F6AD-4474-B9A7-019FF144BA8D}"
EndProject
Global
	GlobalSection(SolutionConfigurationPlatforms) = preSolution
		Debug|Any CPU = Debug|Any CPU
		Release|Any CPU = Release|Any CPU
	EndGlobalSection
	GlobalSection(ProjectConfigurationPlatforms) = postSolution
		{21BCF0B1-F6AD-4474-B9A7-019FF144BA8D}.Debug|Any CPU.ActiveCfg = Debug|Any CPU
		{21BCF0B1-F6AD-4474-B9A7-019FF144BA8D}.Debug|Any CPU.Build.0 = Debug|Any CPU
		{21BCF0B1-F6AD-4474-B9A7-019FF144BA8D}.Release|Any CPU.ActiveCfg = Release|Any CPU
		{21BCF0B1-F6AD-4474-B9A7-019FF144BA8D}.Release|Any CPU.Build.0 = Release|Any CPU
	EndGlobalSection
	GlobalSection(SolutionProperties) = preSolution
		HideSolutionNode = FALSE
	EndGlobalSection
	GlobalSection(ExtensibilityGlobals) = postSolution
		SolutionGuid = {776510B0-2E34-4D35-97B1-34C959650CD9}
	EndGlobalSection
EndGlobal
